// !$*UTF8*$!
{
	archiveVersion = 1;
	classes = {
	};
	objectVersion = 77;
	objects = {

/* Begin PBXBuildFile section */
		001E6A4FE83B4218EA081E02 /* StartupItemsView.swift in Sources */ = {isa = PBXBuildFile; fileRef = F46D9F8B0198C22AEBB6F352 /* StartupItemsView.swift */; };
		035460C71F21E5FF03D1EDDC /* GuidePopover.swift in Sources */ = {isa = PBXBuildFile; fileRef = 5359D9624DB8ACE98CFA5D07 /* GuidePopover.swift */; };
		07256EEB58162D4C166F5A69 /* CPUSampler.swift in Sources */ = {isa = PBXBuildFile; fileRef = 774528E71FB79096704BCF37 /* CPUSampler.swift */; };
		0E5C7AD5A3FEE1CB1C5023D2 /* UpdateSources.swift in Sources */ = {isa = PBXBuildFile; fileRef = 3D4B203B0DF24A6D0196F7D5 /* UpdateSources.swift */; };
		1595D358862FF82936D00169 /* CleanupModels.swift in Sources */ = {isa = PBXBuildFile; fileRef = 43F52052FFF6547AFE1A08C2 /* CleanupModels.swift */; };
		160F311C5B762A012185425A /* SectionGuide.swift in Sources */ = {isa = PBXBuildFile; fileRef = A8186F332485B00C351F1314 /* SectionGuide.swift */; };
		1639C854E9812567CBF3B502 /* Theme.swift in Sources */ = {isa = PBXBuildFile; fileRef = C9F2826C4E8B85750D31CBFF /* Theme.swift */; };
		1808D569A62AD050E70829F8 /* ProtectionModel.swift in Sources */ = {isa = PBXBuildFile; fileRef = E5F3607BD600F35EA3579BD0 /* ProtectionModel.swift */; };
		18520A708E949658311E1DDB /* UpdatesView.swift in Sources */ = {isa = PBXBuildFile; fileRef = DCF99F2B56D4C7A2E07B77AF /* UpdatesView.swift */; };
		1CE506286C553779543A4068 /* AppActivity.swift in Sources */ = {isa = PBXBuildFile; fileRef = 9E7147B1DCFCEDD8DB77B723 /* AppActivity.swift */; };
		1D15A78A3077B52AA84DF117 /* Sparkle in Frameworks */ = {isa = PBXBuildFile; productRef = B258FA740C51D1F4911A8AE9 /* Sparkle */; };
		1D51E14C9320C9386DE98108 /* JunkScanners.swift in Sources */ = {isa = PBXBuildFile; fileRef = D25263816C9D3FD3EA5D3C18 /* JunkScanners.swift */; };
		27407AE9EAFEBBE346F69161 /* HistoryRangePicker.swift in Sources */ = {isa = PBXBuildFile; fileRef = BE72F07628736EC3E98A4E4F /* HistoryRangePicker.swift */; };
		2FE4D144254C8606D2E07EAE /* ExtensionsModel.swift in Sources */ = {isa = PBXBuildFile; fileRef = 4748E1BB44F9C1E291C9612C /* ExtensionsModel.swift */; };
		353EAA78CB891590EAF00692 /* VisibilityTracker.swift in Sources */ = {isa = PBXBuildFile; fileRef = EBC90EEC510750D400BFB3DF /* VisibilityTracker.swift */; };
		3564CE3C7560035973AED50A /* UninstallerView.swift in Sources */ = {isa = PBXBuildFile; fileRef = DF9108988C0B3E34ABED66F0 /* UninstallerView.swift */; };
		3951C9AFF7F4483D48245AF8 /* UpdateInstaller.swift in Sources */ = {isa = PBXBuildFile; fileRef = B434070E8A07803D25481439 /* UpdateInstaller.swift */; };
		3AE53E93736EFED1BE6C2579 /* DiskSampler.swift in Sources */ = {isa = PBXBuildFile; fileRef = 1ED48EA85974612F142B5BC2 /* DiskSampler.swift */; };
		3C2E7DAF3877717CD71C5083 /* MemoryView.swift in Sources */ = {isa = PBXBuildFile; fileRef = DF94DEA850294D726FC62604 /* MemoryView.swift */; };
		407BBB65D2A5630D232E7432 /* NetworkView.swift in Sources */ = {isa = PBXBuildFile; fileRef = 9BC18A957FE1E4A771224A4A /* NetworkView.swift */; };
		42BEEE1B65ACE047233AFEFC /* DuplicatesView.swift in Sources */ = {isa = PBXBuildFile; fileRef = 5A3A7B3CDE4C5EB5607D59F7 /* DuplicatesView.swift */; };
		42D6A59DA58FE8880969ABD0 /* MemorySampler.swift in Sources */ = {isa = PBXBuildFile; fileRef = 11EB67226C04C7D6AC30D77F /* MemorySampler.swift */; };
		4536137B08AEA61DCCB0C8EB /* AppRows.swift in Sources */ = {isa = PBXBuildFile; fileRef = ED60D2346358433DEBA2617C /* AppRows.swift */; };
		480C2CB0C361FA9EB7A58602 /* Responsiveness.swift in Sources */ = {isa = PBXBuildFile; fileRef = BBEE72468EF7431BEE68388D /* Responsiveness.swift */; };
		4B4827B9EF78526FECC19914 /* PhotoLibrary.swift in Sources */ = {isa = PBXBuildFile; fileRef = 04FE7033E28772769C7A2C68 /* PhotoLibrary.swift */; };
		4C9283E5577BF1B798F56355 /* MaintenanceView.swift in Sources */ = {isa = PBXBuildFile; fileRef = 5B135D7BABCFE634CE843D8F /* MaintenanceView.swift */; };
		51066FC294C962160ECF4BBE /* SystemAddOns.swift in Sources */ = {isa = PBXBuildFile; fileRef = 1DC86BCFF2A0915FADFAA96F /* SystemAddOns.swift */; };
		530ADEBDC8D8B4155FE9A40C /* WelcomeView.swift in Sources */ = {isa = PBXBuildFile; fileRef = 778C875D6756CA4129A0AE03 /* WelcomeView.swift */; };
		542F39EBB4353DCB5B9CDF10 /* MaintenanceModel.swift in Sources */ = {isa = PBXBuildFile; fileRef = 3261D5AB3BA1D7E158FFB7BC /* MaintenanceModel.swift */; };
		5472C11FA5912B2DCF501EF3 /* SettingsView.swift in Sources */ = {isa = PBXBuildFile; fileRef = B637BD612951A65AA72AB80F /* SettingsView.swift */; };
		54A65F4B4754AEE2FFD056B9 /* Formatters.swift in Sources */ = {isa = PBXBuildFile; fileRef = 68DBBE37D0A1D914C57041D4 /* Formatters.swift */; };
		57213CF6E143F199B1F8FEC5 /* AppsView.swift in Sources */ = {isa = PBXBuildFile; fileRef = 49959845B417A90C7ADE0712 /* AppsView.swift */; };
		5727EC96FA91C673492F98F7 /* BatterySampler.swift in Sources */ = {isa = PBXBuildFile; fileRef = 2671802F854D3CC5DEE8DA40 /* BatterySampler.swift */; };
		5B1133F21EFAEA3BD5C76D35 /* AppIcon.icon in Resources */ = {isa = PBXBuildFile; fileRef = 0408DE1F61606C480FC5C9E9 /* AppIcon.icon */; };
		5BEDE1501F794E966E80D09F /* AppInsights.swift in Sources */ = {isa = PBXBuildFile; fileRef = 537F5D80939C6C8E5DCEF349 /* AppInsights.swift */; };
		5C6034339C121700EAB462A3 /* StartupItems.swift in Sources */ = {isa = PBXBuildFile; fileRef = CFFB01E27E6D7ECC0C1F070C /* StartupItems.swift */; };
		6110897327B601CC79DC9DD3 /* BatteryView.swift in Sources */ = {isa = PBXBuildFile; fileRef = A14884DFE580E8A04AA510DD /* BatteryView.swift */; };
		626FA257B8AE456374B287F6 /* PermissionKind.swift in Sources */ = {isa = PBXBuildFile; fileRef = 6A0B565A083763AE9FE4B6CF /* PermissionKind.swift */; };
		6AB28DB202CE1F4635C78CA6 /* ServerInsights.swift in Sources */ = {isa = PBXBuildFile; fileRef = AB5F76F15DEDB32155E040C0 /* ServerInsights.swift */; };
		6C949CDB40F053E030E24FC7 /* PortsView.swift in Sources */ = {isa = PBXBuildFile; fileRef = D289C9BA25AABED51BFFD119 /* PortsView.swift */; };
		70EED1BF018D931F519662A6 /* SystemMonitor.swift in Sources */ = {isa = PBXBuildFile; fileRef = 776F82B4DAE59A2C8716CFAE /* SystemMonitor.swift */; };
		722081AABCBE19AA113581C3 /* CleanupEngine.swift in Sources */ = {isa = PBXBuildFile; fileRef = 3AD53546C48ABCBFFF74C620 /* CleanupEngine.swift */; };
		75BFFB01AED76F413B733A42 /* Charts.swift in Sources */ = {isa = PBXBuildFile; fileRef = A2A9E20BB6B9B5F0AECCA271 /* Charts.swift */; };
		7690D8E214589907E7A6A027 /* TileVisuals.swift in Sources */ = {isa = PBXBuildFile; fileRef = EF1AE53D260B13BD78A4CAA7 /* TileVisuals.swift */; };
		771FB7E07AF748C13D8131D2 /* ProcessController.swift in Sources */ = {isa = PBXBuildFile; fileRef = 9F44F92C543157832C1F1919 /* ProcessController.swift */; };
		7A62A2337D53CA7A824FAD79 /* StorageScanner.swift in Sources */ = {isa = PBXBuildFile; fileRef = F7A04906A34819987090996C /* StorageScanner.swift */; };
		7C69380C8CA0ABAF45FB231F /* SimilarPhotosModel.swift in Sources */ = {isa = PBXBuildFile; fileRef = 933997A789362E9A67946D71 /* SimilarPhotosModel.swift */; };
		7F636CFF96F605BC98F171D2 /* Glass.swift in Sources */ = {isa = PBXBuildFile; fileRef = AB5C291D5B70567BCD96BC88 /* Glass.swift */; };
		84E8B85958B974380BB14B15 /* MacVitalsTests.swift in Sources */ = {isa = PBXBuildFile; fileRef = 3FE039D7C1CBB8F9063BA37B /* MacVitalsTests.swift */; };
		85676FCC4EB0D765840032F3 /* HistoryStore.swift in Sources */ = {isa = PBXBuildFile; fileRef = 7581304289FEC08AE1C32388 /* HistoryStore.swift */; };
		88EC4533310CA96A5C865755 /* SystemInfo.swift in Sources */ = {isa = PBXBuildFile; fileRef = 506C92B3124B3318BCD6E0D4 /* SystemInfo.swift */; };
		8A03E639589E774763A0D6A1 /* SpaceLensView.swift in Sources */ = {isa = PBXBuildFile; fileRef = 9E2533237CA5B09950A4E619 /* SpaceLensView.swift */; };
		8AFE5A13102F573A3BE4083B /* DashboardView.swift in Sources */ = {isa = PBXBuildFile; fileRef = 4BEA6EAFE36845D6CB8888C4 /* DashboardView.swift */; };
		8FCD8728B4FE2560DCB3C4A2 /* ExtensionsView.swift in Sources */ = {isa = PBXBuildFile; fileRef = 7BFB6B5C9781126FAFBEA4FC /* ExtensionsView.swift */; };
		90BE225FCFEBA54CCC7B1CD6 /* PersistenceAudit.swift in Sources */ = {isa = PBXBuildFile; fileRef = CA684A43FF256F6C31167C53 /* PersistenceAudit.swift */; };
		92D69DAD40E68F78BD9885F8 /* SpaceLensModel.swift in Sources */ = {isa = PBXBuildFile; fileRef = 9DF5BB3CC134483228C3DB62 /* SpaceLensModel.swift */; };
		94FD85AB179C7D0F6B8558EC /* CPUView.swift in Sources */ = {isa = PBXBuildFile; fileRef = D7A5493E0BE6CDB5B33C918E /* CPUView.swift */; };
		967502DCF023F5A42CB96340 /* MaintenanceTasks.swift in Sources */ = {isa = PBXBuildFile; fileRef = 916433CC0431C5D41992389C /* MaintenanceTasks.swift */; };
		980976C65BBF60B0BFF821CB /* ProtectionView.swift in Sources */ = {isa = PBXBuildFile; fileRef = 446E370302EA59A8B2D6371F /* ProtectionView.swift */; };
		98B6683ABF2B0EDFDC634138 /* UpdatesModel.swift in Sources */ = {isa = PBXBuildFile; fileRef = B2C9B78DCAE88182006FC9A2 /* UpdatesModel.swift */; };
		9D9B54FFB0F4486B9C4F40EA /* StartupModel.swift in Sources */ = {isa = PBXBuildFile; fileRef = 22E5158E7738C563C41A40D5 /* StartupModel.swift */; };
		9EA8058B605DDFB402D4526B /* ProcessSampler.swift in Sources */ = {isa = PBXBuildFile; fileRef = B6B49C444C4BD1833DEC2F03 /* ProcessSampler.swift */; };
		A61EEF9F640EA31FF032877C /* AppUpdater.swift in Sources */ = {isa = PBXBuildFile; fileRef = 8052A3232F11660351322615 /* AppUpdater.swift */; };
		A789BC0D4B9F04FCE3C8E91E /* DuplicatesModel.swift in Sources */ = {isa = PBXBuildFile; fileRef = 78AF40B6A48B5D3A580CADC5 /* DuplicatesModel.swift */; };
		A829B56BBB4F0F47E6EC5C57 /* SimilarPhotosSection.swift in Sources */ = {isa = PBXBuildFile; fileRef = 78F5AF76BE814AFD8090F3A9 /* SimilarPhotosSection.swift */; };
		AC77BEA9FCE32811DF38111E /* AppInventory.swift in Sources */ = {isa = PBXBuildFile; fileRef = D9041706D0ACB65C799EDCCE /* AppInventory.swift */; };
		ACA05D5E3B89C033F028986E /* DiskView.swift in Sources */ = {isa = PBXBuildFile; fileRef = 8C8575E5A6D67850287CBBE3 /* DiskView.swift */; };
		ADBAAF5752E66C3FCC761F1B /* NetworkInsights.swift in Sources */ = {isa = PBXBuildFile; fileRef = 74A3DB5503F950F100F1924A /* NetworkInsights.swift */; };
		B2FFD3CC22F097767358AE05 /* MemoryInsights.swift in Sources */ = {isa = PBXBuildFile; fileRef = EACEBCEF70317AD460E05483 /* MemoryInsights.swift */; };
		B59777F8A1CB094738766B0F /* JunkView.swift in Sources */ = {isa = PBXBuildFile; fileRef = C78E91AC9F3F540E9326E4E9 /* JunkView.swift */; };
		B5A5FD8EB139CDF34E85639A /* ProcessGlossary.swift in Sources */ = {isa = PBXBuildFile; fileRef = 6E59F4DDF7C0F78ECCFCB81F /* ProcessGlossary.swift */; };
		BA2798B7141F51AE5907AE6E /* MetricHistory.swift in Sources */ = {isa = PBXBuildFile; fileRef = FCC7CB1A38EA9C68D75CFB1B /* MetricHistory.swift */; };
		BFE7678792C82DB89C1C2637 /* SpaceScanner.swift in Sources */ = {isa = PBXBuildFile; fileRef = 600C8C53027A5089686E8567 /* SpaceScanner.swift */; };
		C1E774D069123AA1D17E1A00 /* Alerts.swift in Sources */ = {isa = PBXBuildFile; fileRef = B42A94055F022E5D7F933F9C /* Alerts.swift */; };
		C45315FB99312CF92CDC0DB7 /* SmartCleanView.swift in Sources */ = {isa = PBXBuildFile; fileRef = 983CE8DDFC777FB456D36ECE /* SmartCleanView.swift */; };
		C8557E0FAFCC45EFF42AC718 /* CleanupComponents.swift in Sources */ = {isa = PBXBuildFile; fileRef = 699B3B6B92B8944FE63882BD /* CleanupComponents.swift */; };
		CA741611A8E42ACDD13C311D /* MacVitalsApp.swift in Sources */ = {isa = PBXBuildFile; fileRef = 7B780A74948EE977C9871F8F /* MacVitalsApp.swift */; };
		CAD9D66161B508BE60922C20 /* UninstallerModel.swift in Sources */ = {isa = PBXBuildFile; fileRef = FE47FA233D070FBC38B16C9D /* UninstallerModel.swift */; };
		CE31F0F94BAFA52EAECDB3B1 /* Health.swift in Sources */ = {isa = PBXBuildFile; fileRef = 042446A5B48593E7FB41964D /* Health.swift */; };
		CFA1B7CFE1E127A713A1C7EF /* NetworkDiagnostics.swift in Sources */ = {isa = PBXBuildFile; fileRef = B3490FBCC7E7C6588C76FA73 /* NetworkDiagnostics.swift */; };
		CFCC09BE5E9EF6638CC66426 /* DuplicateScanner.swift in Sources */ = {isa = PBXBuildFile; fileRef = 625288D4FB50FD2C14033ABE /* DuplicateScanner.swift */; };
		D09F76AF55A2EDF8BDC200DE /* PermissionViews.swift in Sources */ = {isa = PBXBuildFile; fileRef = B14C0B01FA3AA7FE82D5952C /* PermissionViews.swift */; };
		D18E2FD744E942C33F95F318 /* DefenceChecks.swift in Sources */ = {isa = PBXBuildFile; fileRef = A140D2921DCD646657BEA655 /* DefenceChecks.swift */; };
		D2B8FCDF322E9198E1A6E86A /* OverviewView.swift in Sources */ = {isa = PBXBuildFile; fileRef = 3199364279CB5A47893302BE /* OverviewView.swift */; };
		D2C36C0E4456C9BB8D3257CD /* Appcast.swift in Sources */ = {isa = PBXBuildFile; fileRef = 8F96A44B59665A2FA983217B /* Appcast.swift */; };
		D385DED7AE7370E9F15D16EB /* Permissions.swift in Sources */ = {isa = PBXBuildFile; fileRef = A9CD4A767EE38D03AA21DFA1 /* Permissions.swift */; };
		D405A61A7264690257FCCAEE /* DiskInsights.swift in Sources */ = {isa = PBXBuildFile; fileRef = C046393296410F30F8EC5314 /* DiskInsights.swift */; };
		D4108EAE0EC9D65E6BBAB163 /* CodeSignature.swift in Sources */ = {isa = PBXBuildFile; fileRef = 3A308E19CCBF1219E49E9055 /* CodeSignature.swift */; };
		DD730A9177CF389FC5A9F5C8 /* Navigation.swift in Sources */ = {isa = PBXBuildFile; fileRef = 520BC13E543D81EF1AC3B199 /* Navigation.swift */; };
		DD9034C4C11A34E22DF1B223 /* BrowserExtensions.swift in Sources */ = {isa = PBXBuildFile; fileRef = 148E0FA39EEDAB75AE1EBBE8 /* BrowserExtensions.swift */; };
		DF3076F8ACA56D7C569E4079 /* CPUInsights.swift in Sources */ = {isa = PBXBuildFile; fileRef = 721DB96A153A96475BB8F62B /* CPUInsights.swift */; };
		DF6A1907F8F973EA008FB963 /* StorageModel.swift in Sources */ = {isa = PBXBuildFile; fileRef = 0DF9F032D8F3A60407B7BE21 /* StorageModel.swift */; };
		E0B99753ABD401D38284157E /* PortScanner.swift in Sources */ = {isa = PBXBuildFile; fileRef = B3860DFF9CC637F351B52EE8 /* PortScanner.swift */; };
		E31EA3F0624123447EB11907 /* Assets.xcassets in Resources */ = {isa = PBXBuildFile; fileRef = D2A749E0479B89295D92A656 /* Assets.xcassets */; };
		E3AEB8A8CE7512D80880442C /* DetailComponents.swift in Sources */ = {isa = PBXBuildFile; fileRef = 75E1EF2C68F502A30DDE5E35 /* DetailComponents.swift */; };
		EA6CDA6312F071EB47417D20 /* AlertCenter.swift in Sources */ = {isa = PBXBuildFile; fileRef = 8CCD14E642A3923E46FA9761 /* AlertCenter.swift */; };
		EAAE98067729EB295D0FD4BC /* DockIcon.swift in Sources */ = {isa = PBXBuildFile; fileRef = D9E60886C850E1E5503AC893 /* DockIcon.swift */; };
		EB6483D7BC35391CCFFB1E8A /* LayerGauges.swift in Sources */ = {isa = PBXBuildFile; fileRef = D4114E46DEF820C66732A3E9 /* LayerGauges.swift */; };
		EC9C05DA9ED6D4E18507FB61 /* FinderRemover.swift in Sources */ = {isa = PBXBuildFile; fileRef = 61DF8D3EA14F9381EA010924 /* FinderRemover.swift */; };
		EFA583B4B9F249C71413FAEF /* LayerRollingText.swift in Sources */ = {isa = PBXBuildFile; fileRef = 23A6D2A09D70BE321D085547 /* LayerRollingText.swift */; };
		EFFB92C610BA4C9A0BD2F115 /* ScreenshotsModel.swift in Sources */ = {isa = PBXBuildFile; fileRef = 9ED25EB13F3A9622506B35C1 /* ScreenshotsModel.swift */; };
		F1039D3A52CF8F580C7659C7 /* ScreenshotsView.swift in Sources */ = {isa = PBXBuildFile; fileRef = A6D3DA2B495B48BE75FB259B /* ScreenshotsView.swift */; };
		FC38BC7D45A63EFE3EDA737B /* MenuBarViews.swift in Sources */ = {isa = PBXBuildFile; fileRef = 01EE11581B067D3C79FF1758 /* MenuBarViews.swift */; };
		FCC8E242C9AEFFBBF8BDE253 /* BatteryInsights.swift in Sources */ = {isa = PBXBuildFile; fileRef = 264B5B14C9CE7780F454DC66 /* BatteryInsights.swift */; };
		FDAD5EBD53319E9BB03EEE0F /* NetworkSampler.swift in Sources */ = {isa = PBXBuildFile; fileRef = 25EC9AC95E6E87EC7F1B48D3 /* NetworkSampler.swift */; };
		FEFC99509EAC912126C4F0ED /* Sunburst.swift in Sources */ = {isa = PBXBuildFile; fileRef = 3B6F0D16D5FA33F1F4F37A4A /* Sunburst.swift */; };
		FF34CDB2EF8702841C48AB68 /* SimilarPhotos.swift in Sources */ = {isa = PBXBuildFile; fileRef = F7F4C9866E164E08E2CDEB6C /* SimilarPhotos.swift */; };
		FF50F17D3D4CB06019693ECB /* CleanupHistory.swift in Sources */ = {isa = PBXBuildFile; fileRef = 5B9A4D6225C64A97C94F6FDA /* CleanupHistory.swift */; };
/* End PBXBuildFile section */

/* Begin PBXContainerItemProxy section */
		B3915B7674BA7A372E54F4BA /* PBXContainerItemProxy */ = {
			isa = PBXContainerItemProxy;
			containerPortal = 2207678708EF9B226EA8DEBC /* Project object */;
			proxyType = 1;
			remoteGlobalIDString = 39B9D6D2D5BBB3860515DEB0;
			remoteInfo = MacVitals;
		};
/* End PBXContainerItemProxy section */

/* Begin PBXFileReference section */
		01EE11581B067D3C79FF1758 /* MenuBarViews.swift */ = {isa = PBXFileReference; lastKnownFileType = sourcecode.swift; path = MenuBarViews.swift; sourceTree = "<group>"; };
		02CF83170FD9742CECF04184 /* MacVitals.entitlements */ = {isa = PBXFileReference; lastKnownFileType = text.plist.entitlements; path = MacVitals.entitlements; sourceTree = "<group>"; };
		0408DE1F61606C480FC5C9E9 /* AppIcon.icon */ = {isa = PBXFileReference; lastKnownFileType = wrapper.icon; path = AppIcon.icon; sourceTree = "<group>"; };
		042446A5B48593E7FB41964D /* Health.swift */ = {isa = PBXFileReference; lastKnownFileType = sourcecode.swift; path = Health.swift; sourceTree = "<group>"; };
		04FE7033E28772769C7A2C68 /* PhotoLibrary.swift */ = {isa = PBXFileReference; lastKnownFileType = sourcecode.swift; path = PhotoLibrary.swift; sourceTree = "<group>"; };
		0DF9F032D8F3A60407B7BE21 /* StorageModel.swift */ = {isa = PBXFileReference; lastKnownFileType = sourcecode.swift; path = StorageModel.swift; sourceTree = "<group>"; };
		11EB67226C04C7D6AC30D77F /* MemorySampler.swift */ = {isa = PBXFileReference; lastKnownFileType = sourcecode.swift; path = MemorySampler.swift; sourceTree = "<group>"; };
		148E0FA39EEDAB75AE1EBBE8 /* BrowserExtensions.swift */ = {isa = PBXFileReference; lastKnownFileType = sourcecode.swift; path = BrowserExtensions.swift; sourceTree = "<group>"; };
		1AB14DA5F5792B08B3A946FE /* MacVitals.app */ = {isa = PBXFileReference; explicitFileType = wrapper.application; includeInIndex = 0; path = MacVitals.app; sourceTree = BUILT_PRODUCTS_DIR; };
		1DC86BCFF2A0915FADFAA96F /* SystemAddOns.swift */ = {isa = PBXFileReference; lastKnownFileType = sourcecode.swift; path = SystemAddOns.swift; sourceTree = "<group>"; };
		1ED48EA85974612F142B5BC2 /* DiskSampler.swift */ = {isa = PBXFileReference; lastKnownFileType = sourcecode.swift; path = DiskSampler.swift; sourceTree = "<group>"; };
		22E5158E7738C563C41A40D5 /* StartupModel.swift */ = {isa = PBXFileReference; lastKnownFileType = sourcecode.swift; path = StartupModel.swift; sourceTree = "<group>"; };
		23A6D2A09D70BE321D085547 /* LayerRollingText.swift */ = {isa = PBXFileReference; lastKnownFileType = sourcecode.swift; path = LayerRollingText.swift; sourceTree = "<group>"; };
		25EC9AC95E6E87EC7F1B48D3 /* NetworkSampler.swift */ = {isa = PBXFileReference; lastKnownFileType = sourcecode.swift; path = NetworkSampler.swift; sourceTree = "<group>"; };
		264B5B14C9CE7780F454DC66 /* BatteryInsights.swift */ = {isa = PBXFileReference; lastKnownFileType = sourcecode.swift; path = BatteryInsights.swift; sourceTree = "<group>"; };
		2671802F854D3CC5DEE8DA40 /* BatterySampler.swift */ = {isa = PBXFileReference; lastKnownFileType = sourcecode.swift; path = BatterySampler.swift; sourceTree = "<group>"; };
		3199364279CB5A47893302BE /* OverviewView.swift */ = {isa = PBXFileReference; lastKnownFileType = sourcecode.swift; path = OverviewView.swift; sourceTree = "<group>"; };
		3261D5AB3BA1D7E158FFB7BC /* MaintenanceModel.swift */ = {isa = PBXFileReference; lastKnownFileType = sourcecode.swift; path = MaintenanceModel.swift; sourceTree = "<group>"; };
		3A308E19CCBF1219E49E9055 /* CodeSignature.swift */ = {isa = PBXFileReference; lastKnownFileType = sourcecode.swift; path = CodeSignature.swift; sourceTree = "<group>"; };
		3AD53546C48ABCBFFF74C620 /* CleanupEngine.swift */ = {isa = PBXFileReference; lastKnownFileType = sourcecode.swift; path = CleanupEngine.swift; sourceTree = "<group>"; };
		3B6F0D16D5FA33F1F4F37A4A /* Sunburst.swift */ = {isa = PBXFileReference; lastKnownFileType = sourcecode.swift; path = Sunburst.swift; sourceTree = "<group>"; };
		3D4B203B0DF24A6D0196F7D5 /* UpdateSources.swift */ = {isa = PBXFileReference; lastKnownFileType = sourcecode.swift; path = UpdateSources.swift; sourceTree = "<group>"; };
		3FE039D7C1CBB8F9063BA37B /* MacVitalsTests.swift */ = {isa = PBXFileReference; lastKnownFileType = sourcecode.swift; path = MacVitalsTests.swift; sourceTree = "<group>"; };
		43F52052FFF6547AFE1A08C2 /* CleanupModels.swift */ = {isa = PBXFileReference; lastKnownFileType = sourcecode.swift; path = CleanupModels.swift; sourceTree = "<group>"; };
		446E370302EA59A8B2D6371F /* ProtectionView.swift */ = {isa = PBXFileReference; lastKnownFileType = sourcecode.swift; path = ProtectionView.swift; sourceTree = "<group>"; };
		4748E1BB44F9C1E291C9612C /* ExtensionsModel.swift */ = {isa = PBXFileReference; lastKnownFileType = sourcecode.swift; path = ExtensionsModel.swift; sourceTree = "<group>"; };
		49959845B417A90C7ADE0712 /* AppsView.swift */ = {isa = PBXFileReference; lastKnownFileType = sourcecode.swift; path = AppsView.swift; sourceTree = "<group>"; };
		4BEA6EAFE36845D6CB8888C4 /* DashboardView.swift */ = {isa = PBXFileReference; lastKnownFileType = sourcecode.swift; path = DashboardView.swift; sourceTree = "<group>"; };
		506C92B3124B3318BCD6E0D4 /* SystemInfo.swift */ = {isa = PBXFileReference; lastKnownFileType = sourcecode.swift; path = SystemInfo.swift; sourceTree = "<group>"; };
		520BC13E543D81EF1AC3B199 /* Navigation.swift */ = {isa = PBXFileReference; lastKnownFileType = sourcecode.swift; path = Navigation.swift; sourceTree = "<group>"; };
		5359D9624DB8ACE98CFA5D07 /* GuidePopover.swift */ = {isa = PBXFileReference; lastKnownFileType = sourcecode.swift; path = GuidePopover.swift; sourceTree = "<group>"; };
		537F5D80939C6C8E5DCEF349 /* AppInsights.swift */ = {isa = PBXFileReference; lastKnownFileType = sourcecode.swift; path = AppInsights.swift; sourceTree = "<group>"; };
		5A3A7B3CDE4C5EB5607D59F7 /* DuplicatesView.swift */ = {isa = PBXFileReference; lastKnownFileType = sourcecode.swift; path = DuplicatesView.swift; sourceTree = "<group>"; };
		5B135D7BABCFE634CE843D8F /* MaintenanceView.swift */ = {isa = PBXFileReference; lastKnownFileType = sourcecode.swift; path = MaintenanceView.swift; sourceTree = "<group>"; };
		5B9A4D6225C64A97C94F6FDA /* CleanupHistory.swift */ = {isa = PBXFileReference; lastKnownFileType = sourcecode.swift; path = CleanupHistory.swift; sourceTree = "<group>"; };
		600C8C53027A5089686E8567 /* SpaceScanner.swift */ = {isa = PBXFileReference; lastKnownFileType = sourcecode.swift; path = SpaceScanner.swift; sourceTree = "<group>"; };
		61DF8D3EA14F9381EA010924 /* FinderRemover.swift */ = {isa = PBXFileReference; lastKnownFileType = sourcecode.swift; path = FinderRemover.swift; sourceTree = "<group>"; };
		625288D4FB50FD2C14033ABE /* DuplicateScanner.swift */ = {isa = PBXFileReference; lastKnownFileType = sourcecode.swift; path = DuplicateScanner.swift; sourceTree = "<group>"; };
		68DBBE37D0A1D914C57041D4 /* Formatters.swift */ = {isa = PBXFileReference; lastKnownFileType = sourcecode.swift; path = Formatters.swift; sourceTree = "<group>"; };
		699B3B6B92B8944FE63882BD /* CleanupComponents.swift */ = {isa = PBXFileReference; lastKnownFileType = sourcecode.swift; path = CleanupComponents.swift; sourceTree = "<group>"; };
		6A0B565A083763AE9FE4B6CF /* PermissionKind.swift */ = {isa = PBXFileReference; lastKnownFileType = sourcecode.swift; path = PermissionKind.swift; sourceTree = "<group>"; };
		6E59F4DDF7C0F78ECCFCB81F /* ProcessGlossary.swift */ = {isa = PBXFileReference; lastKnownFileType = sourcecode.swift; path = ProcessGlossary.swift; sourceTree = "<group>"; };
		721DB96A153A96475BB8F62B /* CPUInsights.swift */ = {isa = PBXFileReference; lastKnownFileType = sourcecode.swift; path = CPUInsights.swift; sourceTree = "<group>"; };
		74A3DB5503F950F100F1924A /* NetworkInsights.swift */ = {isa = PBXFileReference; lastKnownFileType = sourcecode.swift; path = NetworkInsights.swift; sourceTree = "<group>"; };
		7581304289FEC08AE1C32388 /* HistoryStore.swift */ = {isa = PBXFileReference; lastKnownFileType = sourcecode.swift; path = HistoryStore.swift; sourceTree = "<group>"; };
		75E1EF2C68F502A30DDE5E35 /* DetailComponents.swift */ = {isa = PBXFileReference; lastKnownFileType = sourcecode.swift; path = DetailComponents.swift; sourceTree = "<group>"; };
		774528E71FB79096704BCF37 /* CPUSampler.swift */ = {isa = PBXFileReference; lastKnownFileType = sourcecode.swift; path = CPUSampler.swift; sourceTree = "<group>"; };
		776F82B4DAE59A2C8716CFAE /* SystemMonitor.swift */ = {isa = PBXFileReference; lastKnownFileType = sourcecode.swift; path = SystemMonitor.swift; sourceTree = "<group>"; };
		778C875D6756CA4129A0AE03 /* WelcomeView.swift */ = {isa = PBXFileReference; lastKnownFileType = sourcecode.swift; path = WelcomeView.swift; sourceTree = "<group>"; };
		78AF40B6A48B5D3A580CADC5 /* DuplicatesModel.swift */ = {isa = PBXFileReference; lastKnownFileType = sourcecode.swift; path = DuplicatesModel.swift; sourceTree = "<group>"; };
		78F5AF76BE814AFD8090F3A9 /* SimilarPhotosSection.swift */ = {isa = PBXFileReference; lastKnownFileType = sourcecode.swift; path = SimilarPhotosSection.swift; sourceTree = "<group>"; };
		7B780A74948EE977C9871F8F /* MacVitalsApp.swift */ = {isa = PBXFileReference; lastKnownFileType = sourcecode.swift; path = MacVitalsApp.swift; sourceTree = "<group>"; };
		7BFB6B5C9781126FAFBEA4FC /* ExtensionsView.swift */ = {isa = PBXFileReference; lastKnownFileType = sourcecode.swift; path = ExtensionsView.swift; sourceTree = "<group>"; };
		8052A3232F11660351322615 /* AppUpdater.swift */ = {isa = PBXFileReference; lastKnownFileType = sourcecode.swift; path = AppUpdater.swift; sourceTree = "<group>"; };
		8C8575E5A6D67850287CBBE3 /* DiskView.swift */ = {isa = PBXFileReference; lastKnownFileType = sourcecode.swift; path = DiskView.swift; sourceTree = "<group>"; };
		8CCD14E642A3923E46FA9761 /* AlertCenter.swift */ = {isa = PBXFileReference; lastKnownFileType = sourcecode.swift; path = AlertCenter.swift; sourceTree = "<group>"; };
		8F96A44B59665A2FA983217B /* Appcast.swift */ = {isa = PBXFileReference; lastKnownFileType = sourcecode.swift; path = Appcast.swift; sourceTree = "<group>"; };
		916433CC0431C5D41992389C /* MaintenanceTasks.swift */ = {isa = PBXFileReference; lastKnownFileType = sourcecode.swift; path = MaintenanceTasks.swift; sourceTree = "<group>"; };
		933997A789362E9A67946D71 /* SimilarPhotosModel.swift */ = {isa = PBXFileReference; lastKnownFileType = sourcecode.swift; path = SimilarPhotosModel.swift; sourceTree = "<group>"; };
		983CE8DDFC777FB456D36ECE /* SmartCleanView.swift */ = {isa = PBXFileReference; lastKnownFileType = sourcecode.swift; path = SmartCleanView.swift; sourceTree = "<group>"; };
		9BC18A957FE1E4A771224A4A /* NetworkView.swift */ = {isa = PBXFileReference; lastKnownFileType = sourcecode.swift; path = NetworkView.swift; sourceTree = "<group>"; };
		9DF5BB3CC134483228C3DB62 /* SpaceLensModel.swift */ = {isa = PBXFileReference; lastKnownFileType = sourcecode.swift; path = SpaceLensModel.swift; sourceTree = "<group>"; };
		9E2533237CA5B09950A4E619 /* SpaceLensView.swift */ = {isa = PBXFileReference; lastKnownFileType = sourcecode.swift; path = SpaceLensView.swift; sourceTree = "<group>"; };
		9E7147B1DCFCEDD8DB77B723 /* AppActivity.swift */ = {isa = PBXFileReference; lastKnownFileType = sourcecode.swift; path = AppActivity.swift; sourceTree = "<group>"; };
		9ED25EB13F3A9622506B35C1 /* ScreenshotsModel.swift */ = {isa = PBXFileReference; lastKnownFileType = sourcecode.swift; path = ScreenshotsModel.swift; sourceTree = "<group>"; };
		9F44F92C543157832C1F1919 /* ProcessController.swift */ = {isa = PBXFileReference; lastKnownFileType = sourcecode.swift; path = ProcessController.swift; sourceTree = "<group>"; };
		A140D2921DCD646657BEA655 /* DefenceChecks.swift */ = {isa = PBXFileReference; lastKnownFileType = sourcecode.swift; path = DefenceChecks.swift; sourceTree = "<group>"; };
		A14884DFE580E8A04AA510DD /* BatteryView.swift */ = {isa = PBXFileReference; lastKnownFileType = sourcecode.swift; path = BatteryView.swift; sourceTree = "<group>"; };
		A2A9E20BB6B9B5F0AECCA271 /* Charts.swift */ = {isa = PBXFileReference; lastKnownFileType = sourcecode.swift; path = Charts.swift; sourceTree = "<group>"; };
		A6D3DA2B495B48BE75FB259B /* ScreenshotsView.swift */ = {isa = PBXFileReference; lastKnownFileType = sourcecode.swift; path = ScreenshotsView.swift; sourceTree = "<group>"; };
		A8186F332485B00C351F1314 /* SectionGuide.swift */ = {isa = PBXFileReference; lastKnownFileType = sourcecode.swift; path = SectionGuide.swift; sourceTree = "<group>"; };
		A9CD4A767EE38D03AA21DFA1 /* Permissions.swift */ = {isa = PBXFileReference; lastKnownFileType = sourcecode.swift; path = Permissions.swift; sourceTree = "<group>"; };
		AB5C291D5B70567BCD96BC88 /* Glass.swift */ = {isa = PBXFileReference; lastKnownFileType = sourcecode.swift; path = Glass.swift; sourceTree = "<group>"; };
		AB5F76F15DEDB32155E040C0 /* ServerInsights.swift */ = {isa = PBXFileReference; lastKnownFileType = sourcecode.swift; path = ServerInsights.swift; sourceTree = "<group>"; };
		B14C0B01FA3AA7FE82D5952C /* PermissionViews.swift */ = {isa = PBXFileReference; lastKnownFileType = sourcecode.swift; path = PermissionViews.swift; sourceTree = "<group>"; };
		B2C9B78DCAE88182006FC9A2 /* UpdatesModel.swift */ = {isa = PBXFileReference; lastKnownFileType = sourcecode.swift; path = UpdatesModel.swift; sourceTree = "<group>"; };
		B3490FBCC7E7C6588C76FA73 /* NetworkDiagnostics.swift */ = {isa = PBXFileReference; lastKnownFileType = sourcecode.swift; path = NetworkDiagnostics.swift; sourceTree = "<group>"; };
		B3860DFF9CC637F351B52EE8 /* PortScanner.swift */ = {isa = PBXFileReference; lastKnownFileType = sourcecode.swift; path = PortScanner.swift; sourceTree = "<group>"; };
		B42A94055F022E5D7F933F9C /* Alerts.swift */ = {isa = PBXFileReference; lastKnownFileType = sourcecode.swift; path = Alerts.swift; sourceTree = "<group>"; };
		B434070E8A07803D25481439 /* UpdateInstaller.swift */ = {isa = PBXFileReference; lastKnownFileType = sourcecode.swift; path = UpdateInstaller.swift; sourceTree = "<group>"; };
		B637BD612951A65AA72AB80F /* SettingsView.swift */ = {isa = PBXFileReference; lastKnownFileType = sourcecode.swift; path = SettingsView.swift; sourceTree = "<group>"; };
		B6B49C444C4BD1833DEC2F03 /* ProcessSampler.swift */ = {isa = PBXFileReference; lastKnownFileType = sourcecode.swift; path = ProcessSampler.swift; sourceTree = "<group>"; };
		BBEE72468EF7431BEE68388D /* Responsiveness.swift */ = {isa = PBXFileReference; lastKnownFileType = sourcecode.swift; path = Responsiveness.swift; sourceTree = "<group>"; };
		BE72F07628736EC3E98A4E4F /* HistoryRangePicker.swift */ = {isa = PBXFileReference; lastKnownFileType = sourcecode.swift; path = HistoryRangePicker.swift; sourceTree = "<group>"; };
		C046393296410F30F8EC5314 /* DiskInsights.swift */ = {isa = PBXFileReference; lastKnownFileType = sourcecode.swift; path = DiskInsights.swift; sourceTree = "<group>"; };
		C78E91AC9F3F540E9326E4E9 /* JunkView.swift */ = {isa = PBXFileReference; lastKnownFileType = sourcecode.swift; path = JunkView.swift; sourceTree = "<group>"; };
		C9F2826C4E8B85750D31CBFF /* Theme.swift */ = {isa = PBXFileReference; lastKnownFileType = sourcecode.swift; path = Theme.swift; sourceTree = "<group>"; };
		CA684A43FF256F6C31167C53 /* PersistenceAudit.swift */ = {isa = PBXFileReference; lastKnownFileType = sourcecode.swift; path = PersistenceAudit.swift; sourceTree = "<group>"; };
		CFFB01E27E6D7ECC0C1F070C /* StartupItems.swift */ = {isa = PBXFileReference; lastKnownFileType = sourcecode.swift; path = StartupItems.swift; sourceTree = "<group>"; };
		D25263816C9D3FD3EA5D3C18 /* JunkScanners.swift */ = {isa = PBXFileReference; lastKnownFileType = sourcecode.swift; path = JunkScanners.swift; sourceTree = "<group>"; };
		D289C9BA25AABED51BFFD119 /* PortsView.swift */ = {isa = PBXFileReference; lastKnownFileType = sourcecode.swift; path = PortsView.swift; sourceTree = "<group>"; };
		D2A749E0479B89295D92A656 /* Assets.xcassets */ = {isa = PBXFileReference; lastKnownFileType = folder.assetcatalog; path = Assets.xcassets; sourceTree = "<group>"; };
		D4114E46DEF820C66732A3E9 /* LayerGauges.swift */ = {isa = PBXFileReference; lastKnownFileType = sourcecode.swift; path = LayerGauges.swift; sourceTree = "<group>"; };
		D7A5493E0BE6CDB5B33C918E /* CPUView.swift */ = {isa = PBXFileReference; lastKnownFileType = sourcecode.swift; path = CPUView.swift; sourceTree = "<group>"; };
		D9041706D0ACB65C799EDCCE /* AppInventory.swift */ = {isa = PBXFileReference; lastKnownFileType = sourcecode.swift; path = AppInventory.swift; sourceTree = "<group>"; };
		D9E60886C850E1E5503AC893 /* DockIcon.swift */ = {isa = PBXFileReference; lastKnownFileType = sourcecode.swift; path = DockIcon.swift; sourceTree = "<group>"; };
		DCF99F2B56D4C7A2E07B77AF /* UpdatesView.swift */ = {isa = PBXFileReference; lastKnownFileType = sourcecode.swift; path = UpdatesView.swift; sourceTree = "<group>"; };
		DF9108988C0B3E34ABED66F0 /* UninstallerView.swift */ = {isa = PBXFileReference; lastKnownFileType = sourcecode.swift; path = UninstallerView.swift; sourceTree = "<group>"; };
		DF94DEA850294D726FC62604 /* MemoryView.swift */ = {isa = PBXFileReference; lastKnownFileType = sourcecode.swift; path = MemoryView.swift; sourceTree = "<group>"; };
		E2D75795FF231B46BEE3DABD /* MacVitalsTests.xctest */ = {isa = PBXFileReference; explicitFileType = wrapper.cfbundle; includeInIndex = 0; path = MacVitalsTests.xctest; sourceTree = BUILT_PRODUCTS_DIR; };
		E5F3607BD600F35EA3579BD0 /* ProtectionModel.swift */ = {isa = PBXFileReference; lastKnownFileType = sourcecode.swift; path = ProtectionModel.swift; sourceTree = "<group>"; };
		EACEBCEF70317AD460E05483 /* MemoryInsights.swift */ = {isa = PBXFileReference; lastKnownFileType = sourcecode.swift; path = MemoryInsights.swift; sourceTree = "<group>"; };
		EBC90EEC510750D400BFB3DF /* VisibilityTracker.swift */ = {isa = PBXFileReference; lastKnownFileType = sourcecode.swift; path = VisibilityTracker.swift; sourceTree = "<group>"; };
		ED60D2346358433DEBA2617C /* AppRows.swift */ = {isa = PBXFileReference; lastKnownFileType = sourcecode.swift; path = AppRows.swift; sourceTree = "<group>"; };
		EF1AE53D260B13BD78A4CAA7 /* TileVisuals.swift */ = {isa = PBXFileReference; lastKnownFileType = sourcecode.swift; path = TileVisuals.swift; sourceTree = "<group>"; };
		F46D9F8B0198C22AEBB6F352 /* StartupItemsView.swift */ = {isa = PBXFileReference; lastKnownFileType = sourcecode.swift; path = StartupItemsView.swift; sourceTree = "<group>"; };
		F7A04906A34819987090996C /* StorageScanner.swift */ = {isa = PBXFileReference; lastKnownFileType = sourcecode.swift; path = StorageScanner.swift; sourceTree = "<group>"; };
		F7F4C9866E164E08E2CDEB6C /* SimilarPhotos.swift */ = {isa = PBXFileReference; lastKnownFileType = sourcecode.swift; path = SimilarPhotos.swift; sourceTree = "<group>"; };
		FCC7CB1A38EA9C68D75CFB1B /* MetricHistory.swift */ = {isa = PBXFileReference; lastKnownFileType = sourcecode.swift; path = MetricHistory.swift; sourceTree = "<group>"; };
		FE47FA233D070FBC38B16C9D /* UninstallerModel.swift */ = {isa = PBXFileReference; lastKnownFileType = sourcecode.swift; path = UninstallerModel.swift; sourceTree = "<group>"; };
/* End PBXFileReference section */

/* Begin PBXFrameworksBuildPhase section */
		D6120A0F627A24271260CA29 /* Frameworks */ = {
			isa = PBXFrameworksBuildPhase;
			buildActionMask = 2147483647;
			files = (
				1D15A78A3077B52AA84DF117 /* Sparkle in Frameworks */,
			);
			runOnlyForDeploymentPostprocessing = 0;
		};
/* End PBXFrameworksBuildPhase section */

/* Begin PBXGroup section */
		17F7DF137DCFA18A64971858 /* Protection */ = {
			isa = PBXGroup;
			children = (
				3A308E19CCBF1219E49E9055 /* CodeSignature.swift */,
				A140D2921DCD646657BEA655 /* DefenceChecks.swift */,
				CA684A43FF256F6C31167C53 /* PersistenceAudit.swift */,
				E5F3607BD600F35EA3579BD0 /* ProtectionModel.swift */,
			);
			path = Protection;
			sourceTree = "<group>";
		};
		1C3BDFF86093CC05CA4FDB28 /* SelfUpdate */ = {
			isa = PBXGroup;
			children = (
				8052A3232F11660351322615 /* AppUpdater.swift */,
			);
			path = SelfUpdate;
			sourceTree = "<group>";
		};
		28496BCE85892D39DA1EEDFB /* Products */ = {
			isa = PBXGroup;
			children = (
				1AB14DA5F5792B08B3A946FE /* MacVitals.app */,
				E2D75795FF231B46BEE3DABD /* MacVitalsTests.xctest */,
			);
			name = Products;
			sourceTree = "<group>";
		};
		2C4A3E5C0B8A42566EE2956C /* Core */ = {
			isa = PBXGroup;
			children = (
				99A213DA5AB115301CE995C8 /* Apps */,
				C5B1BCACADDE03C0AAE8F153 /* Cleanup */,
				8E27FD0B0DD85C0A5A226DA9 /* Duplicates */,
				CEFB1927753F41A00FD82AE0 /* Extensions */,
				A3BDAFFF5ED25CB0F3CA319E /* Maintenance */,
				9D6602DF63CEA61567E28A72 /* Network */,
				DBCD421E0AED99F2C759C75E /* Notifications */,
				5E1985A699929377C246E623 /* Permissions */,
				D6348312D0DB35AA28F0D081 /* Ports */,
				17F7DF137DCFA18A64971858 /* Protection */,
				5A3F5BF05FBC0EE34B9AA4C8 /* Samplers */,
				1C3BDFF86093CC05CA4FDB28 /* SelfUpdate */,
				63A05FFE4F653136D8F7BF18 /* SpaceLens */,
				3029B0F80A325842F6F92C0B /* Storage */,
				5EB42620E52040F2CCAA37AF /* Updates */,
				9E7147B1DCFCEDD8DB77B723 /* AppActivity.swift */,
				264B5B14C9CE7780F454DC66 /* BatteryInsights.swift */,
				721DB96A153A96475BB8F62B /* CPUInsights.swift */,
				C046393296410F30F8EC5314 /* DiskInsights.swift */,
				68DBBE37D0A1D914C57041D4 /* Formatters.swift */,
				042446A5B48593E7FB41964D /* Health.swift */,
				7581304289FEC08AE1C32388 /* HistoryStore.swift */,
				EACEBCEF70317AD460E05483 /* MemoryInsights.swift */,
				FCC7CB1A38EA9C68D75CFB1B /* MetricHistory.swift */,
				9F44F92C543157832C1F1919 /* ProcessController.swift */,
				A8186F332485B00C351F1314 /* SectionGuide.swift */,
				506C92B3124B3318BCD6E0D4 /* SystemInfo.swift */,
				776F82B4DAE59A2C8716CFAE /* SystemMonitor.swift */,
			);
			path = Core;
			sourceTree = "<group>";
		};
		3029B0F80A325842F6F92C0B /* Storage */ = {
			isa = PBXGroup;
			children = (
				0DF9F032D8F3A60407B7BE21 /* StorageModel.swift */,
				F7A04906A34819987090996C /* StorageScanner.swift */,
			);
			path = Storage;
			sourceTree = "<group>";
		};
		5A3F5BF05FBC0EE34B9AA4C8 /* Samplers */ = {
			isa = PBXGroup;
			children = (
				2671802F854D3CC5DEE8DA40 /* BatterySampler.swift */,
				774528E71FB79096704BCF37 /* CPUSampler.swift */,
				1ED48EA85974612F142B5BC2 /* DiskSampler.swift */,
				11EB67226C04C7D6AC30D77F /* MemorySampler.swift */,
				25EC9AC95E6E87EC7F1B48D3 /* NetworkSampler.swift */,
				B6B49C444C4BD1833DEC2F03 /* ProcessSampler.swift */,
			);
			path = Samplers;
			sourceTree = "<group>";
		};
		5E1985A699929377C246E623 /* Permissions */ = {
			isa = PBXGroup;
			children = (
				6A0B565A083763AE9FE4B6CF /* PermissionKind.swift */,
				A9CD4A767EE38D03AA21DFA1 /* Permissions.swift */,
			);
			path = Permissions;
			sourceTree = "<group>";
		};
		5EB42620E52040F2CCAA37AF /* Updates */ = {
			isa = PBXGroup;
			children = (
				8F96A44B59665A2FA983217B /* Appcast.swift */,
				B434070E8A07803D25481439 /* UpdateInstaller.swift */,
				B2C9B78DCAE88182006FC9A2 /* UpdatesModel.swift */,
				3D4B203B0DF24A6D0196F7D5 /* UpdateSources.swift */,
			);
			path = Updates;
			sourceTree = "<group>";
		};
		63A05FFE4F653136D8F7BF18 /* SpaceLens */ = {
			isa = PBXGroup;
			children = (
				9DF5BB3CC134483228C3DB62 /* SpaceLensModel.swift */,
				600C8C53027A5089686E8567 /* SpaceScanner.swift */,
				3B6F0D16D5FA33F1F4F37A4A /* Sunburst.swift */,
			);
			path = SpaceLens;
			sourceTree = "<group>";
		};
		8390BE83F86F4E082B699CA3 = {
			isa = PBXGroup;
			children = (
				D4BD75CB90A05FF0FC7A2328 /* MacVitals */,
				E89E4F47A74BE5AAC3C16E0D /* MacVitalsTests */,
				28496BCE85892D39DA1EEDFB /* Products */,
			);
			sourceTree = "<group>";
		};
		8E27FD0B0DD85C0A5A226DA9 /* Duplicates */ = {
			isa = PBXGroup;
			children = (
				625288D4FB50FD2C14033ABE /* DuplicateScanner.swift */,
				78AF40B6A48B5D3A580CADC5 /* DuplicatesModel.swift */,
				04FE7033E28772769C7A2C68 /* PhotoLibrary.swift */,
				9ED25EB13F3A9622506B35C1 /* ScreenshotsModel.swift */,
				F7F4C9866E164E08E2CDEB6C /* SimilarPhotos.swift */,
				933997A789362E9A67946D71 /* SimilarPhotosModel.swift */,
			);
			path = Duplicates;
			sourceTree = "<group>";
		};
		8ED4CC7FE01CD03C03679138 /* App */ = {
			isa = PBXGroup;
			children = (
				D9E60886C850E1E5503AC893 /* DockIcon.swift */,
				7B780A74948EE977C9871F8F /* MacVitalsApp.swift */,
				520BC13E543D81EF1AC3B199 /* Navigation.swift */,
			);
			path = App;
			sourceTree = "<group>";
		};
		99A213DA5AB115301CE995C8 /* Apps */ = {
			isa = PBXGroup;
			children = (
				537F5D80939C6C8E5DCEF349 /* AppInsights.swift */,
				6E59F4DDF7C0F78ECCFCB81F /* ProcessGlossary.swift */,
				BBEE72468EF7431BEE68388D /* Responsiveness.swift */,
			);
			path = Apps;
			sourceTree = "<group>";
		};
		9D6602DF63CEA61567E28A72 /* Network */ = {
			isa = PBXGroup;
			children = (
				B3490FBCC7E7C6588C76FA73 /* NetworkDiagnostics.swift */,
				74A3DB5503F950F100F1924A /* NetworkInsights.swift */,
			);
			path = Network;
			sourceTree = "<group>";
		};
		A3BDAFFF5ED25CB0F3CA319E /* Maintenance */ = {
			isa = PBXGroup;
			children = (
				3261D5AB3BA1D7E158FFB7BC /* MaintenanceModel.swift */,
				916433CC0431C5D41992389C /* MaintenanceTasks.swift */,
			);
			path = Maintenance;
			sourceTree = "<group>";
		};
		B5FB1DB706CBC25ED690D741 /* Views */ = {
			isa = PBXGroup;
			children = (
				F4747C4FEDCF93092FE3BC14 /* Components */,
				F7D8AFC1968AB58C4CD4252F /* Sections */,
				4BEA6EAFE36845D6CB8888C4 /* DashboardView.swift */,
				01EE11581B067D3C79FF1758 /* MenuBarViews.swift */,
				B637BD612951A65AA72AB80F /* SettingsView.swift */,
				778C875D6756CA4129A0AE03 /* WelcomeView.swift */,
			);
			path = Views;
			sourceTree = "<group>";
		};
		BBFCACF034222C7B08A87571 /* Resources */ = {
			isa = PBXGroup;
			children = (
				0408DE1F61606C480FC5C9E9 /* AppIcon.icon */,
				D2A749E0479B89295D92A656 /* Assets.xcassets */,
			);
			path = Resources;
			sourceTree = "<group>";
		};
		C5B1BCACADDE03C0AAE8F153 /* Cleanup */ = {
			isa = PBXGroup;
			children = (
				D9041706D0ACB65C799EDCCE /* AppInventory.swift */,
				3AD53546C48ABCBFFF74C620 /* CleanupEngine.swift */,
				5B9A4D6225C64A97C94F6FDA /* CleanupHistory.swift */,
				43F52052FFF6547AFE1A08C2 /* CleanupModels.swift */,
				61DF8D3EA14F9381EA010924 /* FinderRemover.swift */,
				D25263816C9D3FD3EA5D3C18 /* JunkScanners.swift */,
				CFFB01E27E6D7ECC0C1F070C /* StartupItems.swift */,
				22E5158E7738C563C41A40D5 /* StartupModel.swift */,
				FE47FA233D070FBC38B16C9D /* UninstallerModel.swift */,
			);
			path = Cleanup;
			sourceTree = "<group>";
		};
		CEFB1927753F41A00FD82AE0 /* Extensions */ = {
			isa = PBXGroup;
			children = (
				148E0FA39EEDAB75AE1EBBE8 /* BrowserExtensions.swift */,
				4748E1BB44F9C1E291C9612C /* ExtensionsModel.swift */,
				1DC86BCFF2A0915FADFAA96F /* SystemAddOns.swift */,
			);
			path = Extensions;
			sourceTree = "<group>";
		};
		D4BD75CB90A05FF0FC7A2328 /* MacVitals */ = {
			isa = PBXGroup;
			children = (
				8ED4CC7FE01CD03C03679138 /* App */,
				2C4A3E5C0B8A42566EE2956C /* Core */,
				BBFCACF034222C7B08A87571 /* Resources */,
				B5FB1DB706CBC25ED690D741 /* Views */,
				02CF83170FD9742CECF04184 /* MacVitals.entitlements */,
			);
			path = MacVitals;
			sourceTree = "<group>";
		};
		D6348312D0DB35AA28F0D081 /* Ports */ = {
			isa = PBXGroup;
			children = (
				B3860DFF9CC637F351B52EE8 /* PortScanner.swift */,
				AB5F76F15DEDB32155E040C0 /* ServerInsights.swift */,
			);
			path = Ports;
			sourceTree = "<group>";
		};
		DBCD421E0AED99F2C759C75E /* Notifications */ = {
			isa = PBXGroup;
			children = (
				8CCD14E642A3923E46FA9761 /* AlertCenter.swift */,
				B42A94055F022E5D7F933F9C /* Alerts.swift */,
			);
			path = Notifications;
			sourceTree = "<group>";
		};
		E89E4F47A74BE5AAC3C16E0D /* MacVitalsTests */ = {
			isa = PBXGroup;
			children = (
				3FE039D7C1CBB8F9063BA37B /* MacVitalsTests.swift */,
			);
			path = MacVitalsTests;
			sourceTree = "<group>";
		};
		F4747C4FEDCF93092FE3BC14 /* Components */ = {
			isa = PBXGroup;
			children = (
				ED60D2346358433DEBA2617C /* AppRows.swift */,
				A2A9E20BB6B9B5F0AECCA271 /* Charts.swift */,
				699B3B6B92B8944FE63882BD /* CleanupComponents.swift */,
				75E1EF2C68F502A30DDE5E35 /* DetailComponents.swift */,
				AB5C291D5B70567BCD96BC88 /* Glass.swift */,
				5359D9624DB8ACE98CFA5D07 /* GuidePopover.swift */,
				BE72F07628736EC3E98A4E4F /* HistoryRangePicker.swift */,
				D4114E46DEF820C66732A3E9 /* LayerGauges.swift */,
				23A6D2A09D70BE321D085547 /* LayerRollingText.swift */,
				B14C0B01FA3AA7FE82D5952C /* PermissionViews.swift */,
				C9F2826C4E8B85750D31CBFF /* Theme.swift */,
				EF1AE53D260B13BD78A4CAA7 /* TileVisuals.swift */,
				EBC90EEC510750D400BFB3DF /* VisibilityTracker.swift */,
			);
			path = Components;
			sourceTree = "<group>";
		};
		F7D8AFC1968AB58C4CD4252F /* Sections */ = {
			isa = PBXGroup;
			children = (
				49959845B417A90C7ADE0712 /* AppsView.swift */,
				A14884DFE580E8A04AA510DD /* BatteryView.swift */,
				D7A5493E0BE6CDB5B33C918E /* CPUView.swift */,
				8C8575E5A6D67850287CBBE3 /* DiskView.swift */,
				5A3A7B3CDE4C5EB5607D59F7 /* DuplicatesView.swift */,
				7BFB6B5C9781126FAFBEA4FC /* ExtensionsView.swift */,
				C78E91AC9F3F540E9326E4E9 /* JunkView.swift */,
				5B135D7BABCFE634CE843D8F /* MaintenanceView.swift */,
				DF94DEA850294D726FC62604 /* MemoryView.swift */,
				9BC18A957FE1E4A771224A4A /* NetworkView.swift */,
				3199364279CB5A47893302BE /* OverviewView.swift */,
				D289C9BA25AABED51BFFD119 /* PortsView.swift */,
				446E370302EA59A8B2D6371F /* ProtectionView.swift */,
				A6D3DA2B495B48BE75FB259B /* ScreenshotsView.swift */,
				78F5AF76BE814AFD8090F3A9 /* SimilarPhotosSection.swift */,
				983CE8DDFC777FB456D36ECE /* SmartCleanView.swift */,
				9E2533237CA5B09950A4E619 /* SpaceLensView.swift */,
				F46D9F8B0198C22AEBB6F352 /* StartupItemsView.swift */,
				DF9108988C0B3E34ABED66F0 /* UninstallerView.swift */,
				DCF99F2B56D4C7A2E07B77AF /* UpdatesView.swift */,
			);
			path = Sections;
			sourceTree = "<group>";
		};
/* End PBXGroup section */

/* Begin PBXNativeTarget section */
		39B9D6D2D5BBB3860515DEB0 /* MacVitals */ = {
			isa = PBXNativeTarget;
			buildConfigurationList = 628D7DBCED27758977227332 /* Build configuration list for PBXNativeTarget "MacVitals" */;
			buildPhases = (
				FED1BCEE19EEB017F5D4D8EE /* Sources */,
				2511B14880D0F3E896485186 /* Resources */,
				D6120A0F627A24271260CA29 /* Frameworks */,
			);
			buildRules = (
			);
			dependencies = (
			);
			name = MacVitals;
			packageProductDependencies = (
				B258FA740C51D1F4911A8AE9 /* Sparkle */,
			);
			productName = MacVitals;
			productReference = 1AB14DA5F5792B08B3A946FE /* MacVitals.app */;
			productType = "com.apple.product-type.application";
		};
		ABD1C13E863ABC7D3245DB1F /* MacVitalsTests */ = {
			isa = PBXNativeTarget;
			buildConfigurationList = C161E8E30443FBCDD75E158B /* Build configuration list for PBXNativeTarget "MacVitalsTests" */;
			buildPhases = (
				27C0AFC079BE48A09C5DB8EF /* Sources */,
			);
			buildRules = (
			);
			dependencies = (
				198B3751B60C7EAD8973D230 /* PBXTargetDependency */,
			);
			name = MacVitalsTests;
			packageProductDependencies = (
			);
			productName = MacVitalsTests;
			productReference = E2D75795FF231B46BEE3DABD /* MacVitalsTests.xctest */;
			productType = "com.apple.product-type.bundle.unit-test";
		};
/* End PBXNativeTarget section */

/* Begin PBXProject section */
		2207678708EF9B226EA8DEBC /* Project object */ = {
			isa = PBXProject;
			attributes = {
				BuildIndependentTargetsInParallel = YES;
				LastUpgradeCheck = 1430;
				TargetAttributes = {
					39B9D6D2D5BBB3860515DEB0 = {
						DevelopmentTeam = 7MGPA96634;
						ProvisioningStyle = Manual;
					};
					ABD1C13E863ABC7D3245DB1F = {
						DevelopmentTeam = 7MGPA96634;
						ProvisioningStyle = Manual;
					};
				};
			};
			buildConfigurationList = 9ABA44CE7EA3E3617EA8FD31 /* Build configuration list for PBXProject "MacVitals" */;
			developmentRegion = en;
			hasScannedForEncodings = 0;
			knownRegions = (
				Base,
				en,
			);
			mainGroup = 8390BE83F86F4E082B699CA3;
			minimizedProjectReferenceProxies = 1;
			packageReferences = (
				0F1F2BD5876957299670BF2D /* XCRemoteSwiftPackageReference "Sparkle" */,
			);
			preferredProjectObjectVersion = 77;
			productRefGroup = 28496BCE85892D39DA1EEDFB /* Products */;
			projectDirPath = "";
			projectRoot = "";
			targets = (
				39B9D6D2D5BBB3860515DEB0 /* MacVitals */,
				ABD1C13E863ABC7D3245DB1F /* MacVitalsTests */,
			);
		};
/* End PBXProject section */

/* Begin PBXResourcesBuildPhase section */
		2511B14880D0F3E896485186 /* Resources */ = {
			isa = PBXResourcesBuildPhase;
			buildActionMask = 2147483647;
			files = (
				5B1133F21EFAEA3BD5C76D35 /* AppIcon.icon in Resources */,
				E31EA3F0624123447EB11907 /* Assets.xcassets in Resources */,
			);
			runOnlyForDeploymentPostprocessing = 0;
		};
/* End PBXResourcesBuildPhase section */

/* Begin PBXSourcesBuildPhase section */
		27C0AFC079BE48A09C5DB8EF /* Sources */ = {
			isa = PBXSourcesBuildPhase;
			buildActionMask = 2147483647;
			files = (
				84E8B85958B974380BB14B15 /* MacVitalsTests.swift in Sources */,
			);
			runOnlyForDeploymentPostprocessing = 0;
		};
		FED1BCEE19EEB017F5D4D8EE /* Sources */ = {
			isa = PBXSourcesBuildPhase;
			buildActionMask = 2147483647;
			files = (
				EA6CDA6312F071EB47417D20 /* AlertCenter.swift in Sources */,
				C1E774D069123AA1D17E1A00 /* Alerts.swift in Sources */,
				1CE506286C553779543A4068 /* AppActivity.swift in Sources */,
				5BEDE1501F794E966E80D09F /* AppInsights.swift in Sources */,
				AC77BEA9FCE32811DF38111E /* AppInventory.swift in Sources */,
				4536137B08AEA61DCCB0C8EB /* AppRows.swift in Sources */,
				A61EEF9F640EA31FF032877C /* AppUpdater.swift in Sources */,
				D2C36C0E4456C9BB8D3257CD /* Appcast.swift in Sources */,
				57213CF6E143F199B1F8FEC5 /* AppsView.swift in Sources */,
				FCC8E242C9AEFFBBF8BDE253 /* BatteryInsights.swift in Sources */,
				5727EC96FA91C673492F98F7 /* BatterySampler.swift in Sources */,
				6110897327B601CC79DC9DD3 /* BatteryView.swift in Sources */,
				DD9034C4C11A34E22DF1B223 /* BrowserExtensions.swift in Sources */,
				DF3076F8ACA56D7C569E4079 /* CPUInsights.swift in Sources */,
				07256EEB58162D4C166F5A69 /* CPUSampler.swift in Sources */,
				94FD85AB179C7D0F6B8558EC /* CPUView.swift in Sources */,
				75BFFB01AED76F413B733A42 /* Charts.swift in Sources */,
				C8557E0FAFCC45EFF42AC718 /* CleanupComponents.swift in Sources */,
				722081AABCBE19AA113581C3 /* CleanupEngine.swift in Sources */,
				FF50F17D3D4CB06019693ECB /* CleanupHistory.swift in Sources */,
				1595D358862FF82936D00169 /* CleanupModels.swift in Sources */,
				D4108EAE0EC9D65E6BBAB163 /* CodeSignature.swift in Sources */,
				8AFE5A13102F573A3BE4083B /* DashboardView.swift in Sources */,
				D18E2FD744E942C33F95F318 /* DefenceChecks.swift in Sources */,
				E3AEB8A8CE7512D80880442C /* DetailComponents.swift in Sources */,
				D405A61A7264690257FCCAEE /* DiskInsights.swift in Sources */,
				3AE53E93736EFED1BE6C2579 /* DiskSampler.swift in Sources */,
				ACA05D5E3B89C033F028986E /* DiskView.swift in Sources */,
				EAAE98067729EB295D0FD4BC /* DockIcon.swift in Sources */,
				CFCC09BE5E9EF6638CC66426 /* DuplicateScanner.swift in Sources */,
				A789BC0D4B9F04FCE3C8E91E /* DuplicatesModel.swift in Sources */,
				42BEEE1B65ACE047233AFEFC /* DuplicatesView.swift in Sources */,
				2FE4D144254C8606D2E07EAE /* ExtensionsModel.swift in Sources */,
				8FCD8728B4FE2560DCB3C4A2 /* ExtensionsView.swift in Sources */,
				EC9C05DA9ED6D4E18507FB61 /* FinderRemover.swift in Sources */,
				54A65F4B4754AEE2FFD056B9 /* Formatters.swift in Sources */,
				7F636CFF96F605BC98F171D2 /* Glass.swift in Sources */,
				035460C71F21E5FF03D1EDDC /* GuidePopover.swift in Sources */,
				CE31F0F94BAFA52EAECDB3B1 /* Health.swift in Sources */,
				27407AE9EAFEBBE346F69161 /* HistoryRangePicker.swift in Sources */,
				85676FCC4EB0D765840032F3 /* HistoryStore.swift in Sources */,
				1D51E14C9320C9386DE98108 /* JunkScanners.swift in Sources */,
				B59777F8A1CB094738766B0F /* JunkView.swift in Sources */,
				EB6483D7BC35391CCFFB1E8A /* LayerGauges.swift in Sources */,
				EFA583B4B9F249C71413FAEF /* LayerRollingText.swift in Sources */,
				CA741611A8E42ACDD13C311D /* MacVitalsApp.swift in Sources */,
				542F39EBB4353DCB5B9CDF10 /* MaintenanceModel.swift in Sources */,
				967502DCF023F5A42CB96340 /* MaintenanceTasks.swift in Sources */,
				4C9283E5577BF1B798F56355 /* MaintenanceView.swift in Sources */,
				B2FFD3CC22F097767358AE05 /* MemoryInsights.swift in Sources */,
				42D6A59DA58FE8880969ABD0 /* MemorySampler.swift in Sources */,
				3C2E7DAF3877717CD71C5083 /* MemoryView.swift in Sources */,
				FC38BC7D45A63EFE3EDA737B /* MenuBarViews.swift in Sources */,
				BA2798B7141F51AE5907AE6E /* MetricHistory.swift in Sources */,
				DD730A9177CF389FC5A9F5C8 /* Navigation.swift in Sources */,
				CFA1B7CFE1E127A713A1C7EF /* NetworkDiagnostics.swift in Sources */,
				ADBAAF5752E66C3FCC761F1B /* NetworkInsights.swift in Sources */,
				FDAD5EBD53319E9BB03EEE0F /* NetworkSampler.swift in Sources */,
				407BBB65D2A5630D232E7432 /* NetworkView.swift in Sources */,
				D2B8FCDF322E9198E1A6E86A /* OverviewView.swift in Sources */,
				626FA257B8AE456374B287F6 /* PermissionKind.swift in Sources */,
				D09F76AF55A2EDF8BDC200DE /* PermissionViews.swift in Sources */,
				D385DED7AE7370E9F15D16EB /* Permissions.swift in Sources */,
				90BE225FCFEBA54CCC7B1CD6 /* PersistenceAudit.swift in Sources */,
				4B4827B9EF78526FECC19914 /* PhotoLibrary.swift in Sources */,
				E0B99753ABD401D38284157E /* PortScanner.swift in Sources */,
				6C949CDB40F053E030E24FC7 /* PortsView.swift in Sources */,
				771FB7E07AF748C13D8131D2 /* ProcessController.swift in Sources */,
				B5A5FD8EB139CDF34E85639A /* ProcessGlossary.swift in Sources */,
				9EA8058B605DDFB402D4526B /* ProcessSampler.swift in Sources */,
				1808D569A62AD050E70829F8 /* ProtectionModel.swift in Sources */,
				980976C65BBF60B0BFF821CB /* ProtectionView.swift in Sources */,
				480C2CB0C361FA9EB7A58602 /* Responsiveness.swift in Sources */,
				EFFB92C610BA4C9A0BD2F115 /* ScreenshotsModel.swift in Sources */,
				F1039D3A52CF8F580C7659C7 /* ScreenshotsView.swift in Sources */,
				160F311C5B762A012185425A /* SectionGuide.swift in Sources */,
				6AB28DB202CE1F4635C78CA6 /* ServerInsights.swift in Sources */,
				5472C11FA5912B2DCF501EF3 /* SettingsView.swift in Sources */,
				FF34CDB2EF8702841C48AB68 /* SimilarPhotos.swift in Sources */,
				7C69380C8CA0ABAF45FB231F /* SimilarPhotosModel.swift in Sources */,
				A829B56BBB4F0F47E6EC5C57 /* SimilarPhotosSection.swift in Sources */,
				C45315FB99312CF92CDC0DB7 /* SmartCleanView.swift in Sources */,
				92D69DAD40E68F78BD9885F8 /* SpaceLensModel.swift in Sources */,
				8A03E639589E774763A0D6A1 /* SpaceLensView.swift in Sources */,
				BFE7678792C82DB89C1C2637 /* SpaceScanner.swift in Sources */,
				5C6034339C121700EAB462A3 /* StartupItems.swift in Sources */,
				001E6A4FE83B4218EA081E02 /* StartupItemsView.swift in Sources */,
				9D9B54FFB0F4486B9C4F40EA /* StartupModel.swift in Sources */,
				DF6A1907F8F973EA008FB963 /* StorageModel.swift in Sources */,
				7A62A2337D53CA7A824FAD79 /* StorageScanner.swift in Sources */,
				FEFC99509EAC912126C4F0ED /* Sunburst.swift in Sources */,
				51066FC294C962160ECF4BBE /* SystemAddOns.swift in Sources */,
				88EC4533310CA96A5C865755 /* SystemInfo.swift in Sources */,
				70EED1BF018D931F519662A6 /* SystemMonitor.swift in Sources */,
				1639C854E9812567CBF3B502 /* Theme.swift in Sources */,
				7690D8E214589907E7A6A027 /* TileVisuals.swift in Sources */,
				CAD9D66161B508BE60922C20 /* UninstallerModel.swift in Sources */,
				3564CE3C7560035973AED50A /* UninstallerView.swift in Sources */,
				3951C9AFF7F4483D48245AF8 /* UpdateInstaller.swift in Sources */,
				0E5C7AD5A3FEE1CB1C5023D2 /* UpdateSources.swift in Sources */,
				98B6683ABF2B0EDFDC634138 /* UpdatesModel.swift in Sources */,
				18520A708E949658311E1DDB /* UpdatesView.swift in Sources */,
				353EAA78CB891590EAF00692 /* VisibilityTracker.swift in Sources */,
				530ADEBDC8D8B4155FE9A40C /* WelcomeView.swift in Sources */,
			);
			runOnlyForDeploymentPostprocessing = 0;
		};
/* End PBXSourcesBuildPhase section */

/* Begin PBXTargetDependency section */
		198B3751B60C7EAD8973D230 /* PBXTargetDependency */ = {
			isa = PBXTargetDependency;
			target = 39B9D6D2D5BBB3860515DEB0 /* MacVitals */;
			targetProxy = B3915B7674BA7A372E54F4BA /* PBXContainerItemProxy */;
		};
/* End PBXTargetDependency section */

/* Begin XCBuildConfiguration section */
		2441CEC810140AE694093AF2 /* Debug */ = {
			isa = XCBuildConfiguration;
			buildSettings = {
				ASSETCATALOG_COMPILER_APPICON_NAME = AppIcon;
				ASSETCATALOG_COMPILER_GLOBAL_ACCENT_COLOR_NAME = AccentColor;
				CODE_SIGN_ENTITLEMENTS = MacVitals/MacVitals.entitlements;
				COMBINE_HIDPI_IMAGES = YES;
				ENABLE_APP_SANDBOX = NO;
				GENERATE_INFOPLIST_FILE = YES;
				INFOPLIST_FILE = MacVitals/Info.plist;
				INFOPLIST_KEY_CFBundleDisplayName = "Mac Vitals";
				INFOPLIST_KEY_LSApplicationCategoryType = "public.app-category.utilities";
				INFOPLIST_KEY_LSUIElement = YES;
				INFOPLIST_KEY_NSAppleEventsUsageDescription = "Mac Vitals asks Finder to move protected items (like apps installed for all users) to the Trash. Finder asks for your password, and nothing is deleted until you empty the Trash.";
				INFOPLIST_KEY_NSDesktopFolderUsageDescription = "Mac Vitals measures how much space your Desktop uses. It only reads sizes, never file contents, and nothing leaves your Mac.";
				INFOPLIST_KEY_NSDocumentsFolderUsageDescription = "Mac Vitals measures how much space your Documents folder uses. It only reads sizes, never file contents, and nothing leaves your Mac.";
				INFOPLIST_KEY_NSDownloadsFolderUsageDescription = "Mac Vitals measures your Downloads folder to find old installers and large files you might not need. Nothing leaves your Mac.";
				INFOPLIST_KEY_NSHumanReadableCopyright = "© 2026 Tyler Simmons";
				INFOPLIST_KEY_NSLocationUsageDescription = "macOS treats your Wi-Fi network's name as location data. Mac Vitals uses it only to show which network you're on. It never looks up where you are, and nothing leaves your Mac.";
				INFOPLIST_KEY_NSLocationWhenInUseUsageDescription = "macOS treats your Wi-Fi network's name as location data. Mac Vitals uses it only to show which network you're on. It never looks up where you are, and nothing leaves your Mac.";
				INFOPLIST_KEY_NSPhotoLibraryUsageDescription = "Mac Vitals finds screenshots and near-identical photos in your library so you can clean them up. Photos are analyzed on this Mac and never leave it. Photos asks you to confirm anything deleted.";
				LD_RUNPATH_SEARCH_PATHS = (
					"$(inherited)",
					"@executable_path/../Frameworks",
				);
				PRODUCT_BUNDLE_IDENTIFIER = com.tylersimmons.MacVitals;
				PRODUCT_NAME = MacVitals;
				SDKROOT = macosx;
			};
			name = Debug;
		};
		4712077E88319E3C407B6526 /* Release */ = {
			isa = XCBuildConfiguration;
			buildSettings = {
				ALWAYS_SEARCH_USER_PATHS = NO;
				CLANG_ANALYZER_NONNULL = YES;
				CLANG_ANALYZER_NUMBER_OBJECT_CONVERSION = YES_AGGRESSIVE;
				CLANG_CXX_LANGUAGE_STANDARD = "gnu++14";
				CLANG_CXX_LIBRARY = "libc++";
				CLANG_ENABLE_MODULES = YES;
				CLANG_ENABLE_OBJC_ARC = YES;
				CLANG_ENABLE_OBJC_WEAK = YES;
				CLANG_WARN_BLOCK_CAPTURE_AUTORELEASING = YES;
				CLANG_WARN_BOOL_CONVERSION = YES;
				CLANG_WARN_COMMA = YES;
				CLANG_WARN_CONSTANT_CONVERSION = YES;
				CLANG_WARN_DEPRECATED_OBJC_IMPLEMENTATIONS = YES;
				CLANG_WARN_DIRECT_OBJC_ISA_USAGE = YES_ERROR;
				CLANG_WARN_DOCUMENTATION_COMMENTS = YES;
				CLANG_WARN_EMPTY_BODY = YES;
				CLANG_WARN_ENUM_CONVERSION = YES;
				CLANG_WARN_INFINITE_RECURSION = YES;
				CLANG_WARN_INT_CONVERSION = YES;
				CLANG_WARN_NON_LITERAL_NULL_CONVERSION = YES;
				CLANG_WARN_OBJC_IMPLICIT_RETAIN_SELF = YES;
				CLANG_WARN_OBJC_LITERAL_CONVERSION = YES;
				CLANG_WARN_OBJC_ROOT_CLASS = YES_ERROR;
				CLANG_WARN_QUOTED_INCLUDE_IN_FRAMEWORK_HEADER = YES;
				CLANG_WARN_RANGE_LOOP_ANALYSIS = YES;
				CLANG_WARN_STRICT_PROTOTYPES = YES;
				CLANG_WARN_SUSPICIOUS_MOVE = YES;
				CLANG_WARN_UNGUARDED_AVAILABILITY = YES_AGGRESSIVE;
				CLANG_WARN_UNREACHABLE_CODE = YES;
				CLANG_WARN__DUPLICATE_METHOD_MATCH = YES;
				CODE_SIGN_IDENTITY = "Developer ID Application";
				CODE_SIGN_STYLE = Manual;
				COPY_PHASE_STRIP = NO;
				CURRENT_PROJECT_VERSION = 4;
				DEBUG_INFORMATION_FORMAT = "dwarf-with-dsym";
				DEVELOPMENT_TEAM = 7MGPA96634;
				ENABLE_NS_ASSERTIONS = NO;
				ENABLE_STRICT_OBJC_MSGSEND = YES;
				ENABLE_USER_SCRIPT_SANDBOXING = YES;
				GCC_C_LANGUAGE_STANDARD = gnu11;
				GCC_NO_COMMON_BLOCKS = YES;
				GCC_WARN_64_TO_32_BIT_CONVERSION = YES;
				GCC_WARN_ABOUT_RETURN_TYPE = YES_ERROR;
				GCC_WARN_UNDECLARED_SELECTOR = YES;
				GCC_WARN_UNINITIALIZED_AUTOS = YES_AGGRESSIVE;
				GCC_WARN_UNUSED_FUNCTION = YES;
				GCC_WARN_UNUSED_VARIABLE = YES;
				MACOSX_DEPLOYMENT_TARGET = 26.0;
				MARKETING_VERSION = 0.4.0;
				MTL_ENABLE_DEBUG_INFO = NO;
				MTL_FAST_MATH = YES;
				PRODUCT_NAME = "$(TARGET_NAME)";
				SDKROOT = macosx;
				SWIFT_COMPILATION_MODE = wholemodule;
				SWIFT_OPTIMIZATION_LEVEL = "-O";
				SWIFT_VERSION = 5.0;
			};
			name = Release;
		};
		47EAA195A46E58BAB23A7270 /* Release */ = {
			isa = XCBuildConfiguration;
			buildSettings = {
				BUNDLE_LOADER = "$(TEST_HOST)";
				COMBINE_HIDPI_IMAGES = YES;
				GENERATE_INFOPLIST_FILE = YES;
				LD_RUNPATH_SEARCH_PATHS = (
					"$(inherited)",
					"@executable_path/../Frameworks",
					"@loader_path/../Frameworks",
				);
				PRODUCT_BUNDLE_IDENTIFIER = com.tylersimmons.MacVitalsTests;
				SDKROOT = macosx;
				TEST_HOST = "$(BUILT_PRODUCTS_DIR)/MacVitals.app/Contents/MacOS/MacVitals";
			};
			name = Release;
		};
		68A3089EB7FED9EE8B49EEF1 /* Release */ = {
			isa = XCBuildConfiguration;
			buildSettings = {
				ASSETCATALOG_COMPILER_APPICON_NAME = AppIcon;
				ASSETCATALOG_COMPILER_GLOBAL_ACCENT_COLOR_NAME = AccentColor;
				CODE_SIGN_ENTITLEMENTS = MacVitals/MacVitals.entitlements;
				CODE_SIGN_INJECT_BASE_ENTITLEMENTS = NO;
				COMBINE_HIDPI_IMAGES = YES;
				ENABLE_APP_SANDBOX = NO;
				ENABLE_HARDENED_RUNTIME = YES;
				GENERATE_INFOPLIST_FILE = YES;
				INFOPLIST_FILE = MacVitals/Info.plist;
				INFOPLIST_KEY_CFBundleDisplayName = "Mac Vitals";
				INFOPLIST_KEY_LSApplicationCategoryType = "public.app-category.utilities";
				INFOPLIST_KEY_LSUIElement = YES;
				INFOPLIST_KEY_NSAppleEventsUsageDescription = "Mac Vitals asks Finder to move protected items (like apps installed for all users) to the Trash. Finder asks for your password, and nothing is deleted until you empty the Trash.";
				INFOPLIST_KEY_NSDesktopFolderUsageDescription = "Mac Vitals measures how much space your Desktop uses. It only reads sizes, never file contents, and nothing leaves your Mac.";
				INFOPLIST_KEY_NSDocumentsFolderUsageDescription = "Mac Vitals measures how much space your Documents folder uses. It only reads sizes, never file contents, and nothing leaves your Mac.";
				INFOPLIST_KEY_NSDownloadsFolderUsageDescription = "Mac Vitals measures your Downloads folder to find old installers and large files you might not need. Nothing leaves your Mac.";
				INFOPLIST_KEY_NSHumanReadableCopyright = "© 2026 Tyler Simmons";
				INFOPLIST_KEY_NSLocationUsageDescription = "macOS treats your Wi-Fi network's name as location data. Mac Vitals uses it only to show which network you're on. It never looks up where you are, and nothing leaves your Mac.";
				INFOPLIST_KEY_NSLocationWhenInUseUsageDescription = "macOS treats your Wi-Fi network's name as location data. Mac Vitals uses it only to show which network you're on. It never looks up where you are, and nothing leaves your Mac.";
				INFOPLIST_KEY_NSPhotoLibraryUsageDescription = "Mac Vitals finds screenshots and near-identical photos in your library so you can clean them up. Photos are analyzed on this Mac and never leave it. Photos asks you to confirm anything deleted.";
				LD_RUNPATH_SEARCH_PATHS = (
					"$(inherited)",
					"@executable_path/../Frameworks",
				);
				PRODUCT_BUNDLE_IDENTIFIER = com.tylersimmons.MacVitals;
				PRODUCT_NAME = MacVitals;
				SDKROOT = macosx;
			};
			name = Release;
		};
		7059B892CCB2E6ECB8E320DC /* Debug */ = {
			isa = XCBuildConfiguration;
			buildSettings = {
				ALWAYS_SEARCH_USER_PATHS = NO;
				CLANG_ANALYZER_NONNULL = YES;
				CLANG_ANALYZER_NUMBER_OBJECT_CONVERSION = YES_AGGRESSIVE;
				CLANG_CXX_LANGUAGE_STANDARD = "gnu++14";
				CLANG_CXX_LIBRARY = "libc++";
				CLANG_ENABLE_MODULES = YES;
				CLANG_ENABLE_OBJC_ARC = YES;
				CLANG_ENABLE_OBJC_WEAK = YES;
				CLANG_WARN_BLOCK_CAPTURE_AUTORELEASING = YES;
				CLANG_WARN_BOOL_CONVERSION = YES;
				CLANG_WARN_COMMA = YES;
				CLANG_WARN_CONSTANT_CONVERSION = YES;
				CLANG_WARN_DEPRECATED_OBJC_IMPLEMENTATIONS = YES;
				CLANG_WARN_DIRECT_OBJC_ISA_USAGE = YES_ERROR;
				CLANG_WARN_DOCUMENTATION_COMMENTS = YES;
				CLANG_WARN_EMPTY_BODY = YES;
				CLANG_WARN_ENUM_CONVERSION = YES;
				CLANG_WARN_INFINITE_RECURSION = YES;
				CLANG_WARN_INT_CONVERSION = YES;
				CLANG_WARN_NON_LITERAL_NULL_CONVERSION = YES;
				CLANG_WARN_OBJC_IMPLICIT_RETAIN_SELF = YES;
				CLANG_WARN_OBJC_LITERAL_CONVERSION = YES;
				CLANG_WARN_OBJC_ROOT_CLASS = YES_ERROR;
				CLANG_WARN_QUOTED_INCLUDE_IN_FRAMEWORK_HEADER = YES;
				CLANG_WARN_RANGE_LOOP_ANALYSIS = YES;
				CLANG_WARN_STRICT_PROTOTYPES = YES;
				CLANG_WARN_SUSPICIOUS_MOVE = YES;
				CLANG_WARN_UNGUARDED_AVAILABILITY = YES_AGGRESSIVE;
				CLANG_WARN_UNREACHABLE_CODE = YES;
				CLANG_WARN__DUPLICATE_METHOD_MATCH = YES;
				CODE_SIGN_IDENTITY = "Developer ID Application";
				CODE_SIGN_STYLE = Manual;
				COPY_PHASE_STRIP = NO;
				CURRENT_PROJECT_VERSION = 4;
				DEBUG_INFORMATION_FORMAT = dwarf;
				DEVELOPMENT_TEAM = 7MGPA96634;
				ENABLE_STRICT_OBJC_MSGSEND = YES;
				ENABLE_TESTABILITY = YES;
				ENABLE_USER_SCRIPT_SANDBOXING = YES;
				GCC_C_LANGUAGE_STANDARD = gnu11;
				GCC_DYNAMIC_NO_PIC = NO;
				GCC_NO_COMMON_BLOCKS = YES;
				GCC_OPTIMIZATION_LEVEL = 0;
				GCC_PREPROCESSOR_DEFINITIONS = (
					"$(inherited)",
					"DEBUG=1",
				);
				GCC_WARN_64_TO_32_BIT_CONVERSION = YES;
				GCC_WARN_ABOUT_RETURN_TYPE = YES_ERROR;
				GCC_WARN_UNDECLARED_SELECTOR = YES;
				GCC_WARN_UNINITIALIZED_AUTOS = YES_AGGRESSIVE;
				GCC_WARN_UNUSED_FUNCTION = YES;
				GCC_WARN_UNUSED_VARIABLE = YES;
				MACOSX_DEPLOYMENT_TARGET = 26.0;
				MARKETING_VERSION = 0.4.0;
				MTL_ENABLE_DEBUG_INFO = INCLUDE_SOURCE;
				MTL_FAST_MATH = YES;
				ONLY_ACTIVE_ARCH = YES;
				PRODUCT_NAME = "$(TARGET_NAME)";
				SDKROOT = macosx;
				SWIFT_ACTIVE_COMPILATION_CONDITIONS = DEBUG;
				SWIFT_OPTIMIZATION_LEVEL = "-Onone";
				SWIFT_VERSION = 5.0;
			};
			name = Debug;
		};
		C3D546B40201E32144E321A2 /* Debug */ = {
			isa = XCBuildConfiguration;
			buildSettings = {
				BUNDLE_LOADER = "$(TEST_HOST)";
				COMBINE_HIDPI_IMAGES = YES;
				GENERATE_INFOPLIST_FILE = YES;
				LD_RUNPATH_SEARCH_PATHS = (
					"$(inherited)",
					"@executable_path/../Frameworks",
					"@loader_path/../Frameworks",
				);
				PRODUCT_BUNDLE_IDENTIFIER = com.tylersimmons.MacVitalsTests;
				SDKROOT = macosx;
				TEST_HOST = "$(BUILT_PRODUCTS_DIR)/MacVitals.app/Contents/MacOS/MacVitals";
			};
			name = Debug;
		};
/* End XCBuildConfiguration section */

/* Begin XCConfigurationList section */
		628D7DBCED27758977227332 /* Build configuration list for PBXNativeTarget "MacVitals" */ = {
			isa = XCConfigurationList;
			buildConfigurations = (
				2441CEC810140AE694093AF2 /* Debug */,
				68A3089EB7FED9EE8B49EEF1 /* Release */,
			);
			defaultConfigurationIsVisible = 0;
			defaultConfigurationName = Debug;
		};
		9ABA44CE7EA3E3617EA8FD31 /* Build configuration list for PBXProject "MacVitals" */ = {
			isa = XCConfigurationList;
			buildConfigurations = (
				7059B892CCB2E6ECB8E320DC /* Debug */,
				4712077E88319E3C407B6526 /* Release */,
			);
			defaultConfigurationIsVisible = 0;
			defaultConfigurationName = Debug;
		};
		C161E8E30443FBCDD75E158B /* Build configuration list for PBXNativeTarget "MacVitalsTests" */ = {
			isa = XCConfigurationList;
			buildConfigurations = (
				C3D546B40201E32144E321A2 /* Debug */,
				47EAA195A46E58BAB23A7270 /* Release */,
			);
			defaultConfigurationIsVisible = 0;
			defaultConfigurationName = Debug;
		};
/* End XCConfigurationList section */

/* Begin XCRemoteSwiftPackageReference section */
		0F1F2BD5876957299670BF2D /* XCRemoteSwiftPackageReference "Sparkle" */ = {
			isa = XCRemoteSwiftPackageReference;
			repositoryURL = "https://github.com/sparkle-project/Sparkle";
			requirement = {
				kind = upToNextMajorVersion;
				minimumVersion = 2.9.6;
			};
		};
/* End XCRemoteSwiftPackageReference section */

/* Begin XCSwiftPackageProductDependency section */
		B258FA740C51D1F4911A8AE9 /* Sparkle */ = {
			isa = XCSwiftPackageProductDependency;
			package = 0F1F2BD5876957299670BF2D /* XCRemoteSwiftPackageReference "Sparkle" */;
			productName = Sparkle;
		};
/* End XCSwiftPackageProductDependency section */
	};
	rootObject = 2207678708EF9B226EA8DEBC /* Project object */;
}
